
Microsoft Visual Studio Solution File, Format Version 12.00
# Visual Studio 15
VisualStudioVersion = 15.0.28307.106
MinimumVisualStudioVersion = 10.0.40219.1
Project("{FAE04EC0-301F-11D3-BF4B-00C04F79EFBC}") = "DeliverNET", "DeliverNET\DeliverNET.csproj", "{BB5B0453-35F1-459C-B931-C711947AE2CF}"
EndProject
Global
	GlobalSection(SolutionConfigurationPlatforms) = preSolution
		Debug|Any CPU = Debug|Any CPU
		Release|Any CPU = Release|Any CPU
	EndGlobalSection
	GlobalSection(ProjectConfigurationPlatforms) = postSolution
		{BB5B0453-35F1-459C-B931-C711947AE2CF}.Debug|Any CPU.ActiveCfg = Debug|Any CPU
		{BB5B0453-35F1-459C-B931-C711947AE2CF}.Debug|Any CPU.Build.0 = Debug|Any CPU
		{BB5B0453-35F1-459C-B931-C711947AE2CF}.Release|Any CPU.ActiveCfg = Release|Any CPU
		{BB5B0453-35F1-459C-B931-C711947AE2CF}.Release|Any CPU.Build.0 = Release|Any CPU
	EndGlobalSection
	GlobalSection(SolutionProperties) = preSolution
		HideSolutionNode = FALSE
	EndGlobalSection
	GlobalSection(ExtensibilityGlobals) = postSolution
		SolutionGuid = {C4B4A586-DE15-4296-97AC-6338FE70FB07}
	EndGlobalSection
EndGlobal
